
Microsoft Visual Studio Solution File, Format Version 12.00
# Visual Studio Version 16
VisualStudioVersion = 16.0.33801.447
MinimumVisualStudioVersion = 10.0.40219.1
Project("{2150E333-8FDC-42A3-9474-1A3956D46DE8}") = "1. Presentations", "1. Presentations", "{ED3B3FA6-DDBE-499B-B4B7-CC33F19492C4}"
EndProject
Project("{2150E333-8FDC-42A3-9474-1A3956D46DE8}") = "2. Applications", "2. Applications", "{A2308368-54EA-4081-89D5-8BE6AB0E9EB1}"
EndProject
Project("{2150E333-8FDC-42A3-9474-1A3956D46DE8}") = "3. Domain", "3. Domain", "{7FF33340-26F7-451E-94EE-0E2E00FD52FE}"
EndProject
Project("{2150E333-8FDC-42A3-9474-1A3956D46DE8}") = "4. Infrastructures", "4. Infrastructures", "{6D03513B-3F4C-4D4F-A503-F88E9CE83B4D}"
EndProject
Project("{2150E333-8FDC-42A3-9474-1A3956D46DE8}") = "5. Crosscuttings", "5. Crosscuttings", "{B26D9062-F29B-421A-9010-6AC78A09A594}"
EndProject
Project("{FAE04EC0-301F-11D3-BF4B-00C04F79EFBC}") = "AHT.Application.Prizes", "AHT.Application.Prizes\AHT.Application.Prizes.csproj", "{37B9E267-F90F-486E-9CB9-D16675C93A86}"
EndProject
Project("{FAE04EC0-301F-11D3-BF4B-00C04F79EFBC}") = "AHT.Application.Prizes.Interfaces", "AHT.Application.Prizes.Interfaces\AHT.Application.Prizes.Interfaces.csproj", "{E4BD34D6-A244-4D63-9C20-05633A4A3FA6}"
EndProject
Project("{FAE04EC0-301F-11D3-BF4B-00C04F79EFBC}") = "AHT.Application.Prizes.Dtos", "AHT.Application.Prizes.Dtos\AHT.Application.Prizes.Dtos.csproj", "{CEA9D926-10B2-4160-AD39-987049CAD38A}"
EndProject
Project("{FAE04EC0-301F-11D3-BF4B-00C04F79EFBC}") = "AHT.Domain.Services", "AHT.Domain.Services\AHT.Domain.Services.csproj", "{64EA5ADE-947A-4A71-BD6A-4F65A5744FE0}"
EndProject
Project("{FAE04EC0-301F-11D3-BF4B-00C04F79EFBC}") = "AHT.Domain.Repositories", "AHT.Domain.Repositories\AHT.Domain.Repositories.csproj", "{4CD0C2A0-6110-4F90-99BB-8DBE40A7EA6B}"
EndProject
Project("{FAE04EC0-301F-11D3-BF4B-00C04F79EFBC}") = "AHT.Domain.Models", "AHT.Domain.Models\AHT.Domain.Models.csproj", "{8AAB75A1-C9BF-46B2-A78F-3F623CA10476}"
EndProject
Project("{FAE04EC0-301F-11D3-BF4B-00C04F79EFBC}") = "AHT.Application.Mappers", "AHT.Application.Mappers\AHT.Application.Mappers.csproj", "{8819120D-9D6C-4490-9F90-F6E0D480B71F}"
EndProject
Project("{FAE04EC0-301F-11D3-BF4B-00C04F79EFBC}") = "AHT.Infrastructure.IoC", "AHT.Infrastructure.IoC\AHT.Infrastructure.IoC.csproj", "{5F37213C-7F47-4A48-839D-5025AE1AFBC0}"
EndProject
Project("{FAE04EC0-301F-11D3-BF4B-00C04F79EFBC}") = "AHT.Infrastructure.EF", "AHT.Infrastructure.EF\AHT.Infrastructure.EF.csproj", "{1CBB548B-E93B-4F5B-B9FB-362C5F8F80D8}"
EndProject
Project("{FAE04EC0-301F-11D3-BF4B-00C04F79EFBC}") = "AHT.Domain.Commons", "AHT.Domain.Models.Commons\AHT.Domain.Commons.csproj", "{0170DF58-4819-4BA1-A566-A2D40456E721}"
EndProject
Project("{FAE04EC0-301F-11D3-BF4B-00C04F79EFBC}") = "AHT.Infrastructure.EF.Repositories", "AHT.Infrastructure.EF.Repositories\AHT.Infrastructure.EF.Repositories.csproj", "{D798F1D8-7C39-4FF0-9552-D410524B5E89}"
EndProject
Project("{FAE04EC0-301F-11D3-BF4B-00C04F79EFBC}") = "AHT.Presentantion.CLI", "AHT.Presentantion.CLI\AHT.Presentantion.CLI.csproj", "{C127E0CA-AB0F-43C3-BAF1-BE8D13ED9F79}"
EndProject
Project("{FAE04EC0-301F-11D3-BF4B-00C04F79EFBC}") = "AHT.CrossCuting.Commons", "AHT.CrossCuting.Commons\AHT.CrossCuting.Commons.csproj", "{DEE9FBC0-E4CD-4B99-866D-DF83D6DF2132}"
EndProject
Global
	GlobalSection(SolutionConfigurationPlatforms) = preSolution
		Debug|Any CPU = Debug|Any CPU
		Release|Any CPU = Release|Any CPU
	EndGlobalSection
	GlobalSection(ProjectConfigurationPlatforms) = postSolution
		{37B9E267-F90F-486E-9CB9-D16675C93A86}.Debug|Any CPU.ActiveCfg = Debug|Any CPU
		{37B9E267-F90F-486E-9CB9-D16675C93A86}.Debug|Any CPU.Build.0 = Debug|Any CPU
		{37B9E267-F90F-486E-9CB9-D16675C93A86}.Release|Any CPU.ActiveCfg = Release|Any CPU
		{37B9E267-F90F-486E-9CB9-D16675C93A86}.Release|Any CPU.Build.0 = Release|Any CPU
		{E4BD34D6-A244-4D63-9C20-05633A4A3FA6}.Debug|Any CPU.ActiveCfg = Debug|Any CPU
		{E4BD34D6-A244-4D63-9C20-05633A4A3FA6}.Debug|Any CPU.Build.0 = Debug|Any CPU
		{E4BD34D6-A244-4D63-9C20-05633A4A3FA6}.Release|Any CPU.ActiveCfg = Release|Any CPU
		{E4BD34D6-A244-4D63-9C20-05633A4A3FA6}.Release|Any CPU.Build.0 = Release|Any CPU
		{CEA9D926-10B2-4160-AD39-987049CAD38A}.Debug|Any CPU.ActiveCfg = Debug|Any CPU
		{CEA9D926-10B2-4160-AD39-987049CAD38A}.Debug|Any CPU.Build.0 = Debug|Any CPU
		{CEA9D926-10B2-4160-AD39-987049CAD38A}.Release|Any CPU.ActiveCfg = Release|Any CPU
		{CEA9D926-10B2-4160-AD39-987049CAD38A}.Release|Any CPU.Build.0 = Release|Any CPU
		{64EA5ADE-947A-4A71-BD6A-4F65A5744FE0}.Debug|Any CPU.ActiveCfg = Debug|Any CPU
		{64EA5ADE-947A-4A71-BD6A-4F65A5744FE0}.Debug|Any CPU.Build.0 = Debug|Any CPU
		{64EA5ADE-947A-4A71-BD6A-4F65A5744FE0}.Release|Any CPU.ActiveCfg = Release|Any CPU
		{64EA5ADE-947A-4A71-BD6A-4F65A5744FE0}.Release|Any CPU.Build.0 = Release|Any CPU
		{4CD0C2A0-6110-4F90-99BB-8DBE40A7EA6B}.Debug|Any CPU.ActiveCfg = Debug|Any CPU
		{4CD0C2A0-6110-4F90-99BB-8DBE40A7EA6B}.Debug|Any CPU.Build.0 = Debug|Any CPU
		{4CD0C2A0-6110-4F90-99BB-8DBE40A7EA6B}.Release|Any CPU.ActiveCfg = Release|Any CPU
		{4CD0C2A0-6110-4F90-99BB-8DBE40A7EA6B}.Release|Any CPU.Build.0 = Release|Any CPU
		{8AAB75A1-C9BF-46B2-A78F-3F623CA10476}.Debug|Any CPU.ActiveCfg = Debug|Any CPU
		{8AAB75A1-C9BF-46B2-A78F-3F623CA10476}.Debug|Any CPU.Build.0 = Debug|Any CPU
		{8AAB75A1-C9BF-46B2-A78F-3F623CA10476}.Release|Any CPU.ActiveCfg = Release|Any CPU
		{8AAB75A1-C9BF-46B2-A78F-3F623CA10476}.Release|Any CPU.Build.0 = Release|Any CPU
		{8819120D-9D6C-4490-9F90-F6E0D480B71F}.Debug|Any CPU.ActiveCfg = Debug|Any CPU
		{8819120D-9D6C-4490-9F90-F6E0D480B71F}.Debug|Any CPU.Build.0 = Debug|Any CPU
		{8819120D-9D6C-4490-9F90-F6E0D480B71F}.Release|Any CPU.ActiveCfg = Release|Any CPU
		{8819120D-9D6C-4490-9F90-F6E0D480B71F}.Release|Any CPU.Build.0 = Release|Any CPU
		{5F37213C-7F47-4A48-839D-5025AE1AFBC0}.Debug|Any CPU.ActiveCfg = Debug|Any CPU
		{5F37213C-7F47-4A48-839D-5025AE1AFBC0}.Debug|Any CPU.Build.0 = Debug|Any CPU
		{5F37213C-7F47-4A48-839D-5025AE1AFBC0}.Release|Any CPU.ActiveCfg = Release|Any CPU
		{5F37213C-7F47-4A48-839D-5025AE1AFBC0}.Release|Any CPU.Build.0 = Release|Any CPU
		{1CBB548B-E93B-4F5B-B9FB-362C5F8F80D8}.Debug|Any CPU.ActiveCfg = Debug|Any CPU
		{1CBB548B-E93B-4F5B-B9FB-362C5F8F80D8}.Debug|Any CPU.Build.0 = Debug|Any CPU
		{1CBB548B-E93B-4F5B-B9FB-362C5F8F80D8}.Release|Any CPU.ActiveCfg = Release|Any CPU
		{1CBB548B-E93B-4F5B-B9FB-362C5F8F80D8}.Release|Any CPU.Build.0 = Release|Any CPU
		{0170DF58-4819-4BA1-A566-A2D40456E721}.Debug|Any CPU.ActiveCfg = Debug|Any CPU
		{0170DF58-4819-4BA1-A566-A2D40456E721}.Debug|Any CPU.Build.0 = Debug|Any CPU
		{0170DF58-4819-4BA1-A566-A2D40456E721}.Release|Any CPU.ActiveCfg = Release|Any CPU
		{0170DF58-4819-4BA1-A566-A2D40456E721}.Release|Any CPU.Build.0 = Release|Any CPU
		{D798F1D8-7C39-4FF0-9552-D410524B5E89}.Debug|Any CPU.ActiveCfg = Debug|Any CPU
		{D798F1D8-7C39-4FF0-9552-D410524B5E89}.Debug|Any CPU.Build.0 = Debug|Any CPU
		{D798F1D8-7C39-4FF0-9552-D410524B5E89}.Release|Any CPU.ActiveCfg = Release|Any CPU
		{D798F1D8-7C39-4FF0-9552-D410524B5E89}.Release|Any CPU.Build.0 = Release|Any CPU
		{C127E0CA-AB0F-43C3-BAF1-BE8D13ED9F79}.Debug|Any CPU.ActiveCfg = Debug|Any CPU
		{C127E0CA-AB0F-43C3-BAF1-BE8D13ED9F79}.Debug|Any CPU.Build.0 = Debug|Any CPU
		{C127E0CA-AB0F-43C3-BAF1-BE8D13ED9F79}.Release|Any CPU.ActiveCfg = Release|Any CPU
		{C127E0CA-AB0F-43C3-BAF1-BE8D13ED9F79}.Release|Any CPU.Build.0 = Release|Any CPU
		{DEE9FBC0-E4CD-4B99-866D-DF83D6DF2132}.Debug|Any CPU.ActiveCfg = Debug|Any CPU
		{DEE9FBC0-E4CD-4B99-866D-DF83D6DF2132}.Debug|Any CPU.Build.0 = Debug|Any CPU
		{DEE9FBC0-E4CD-4B99-866D-DF83D6DF2132}.Release|Any CPU.ActiveCfg = Release|Any CPU
		{DEE9FBC0-E4CD-4B99-866D-DF83D6DF2132}.Release|Any CPU.Build.0 = Release|Any CPU
	EndGlobalSection
	GlobalSection(SolutionProperties) = preSolution
		HideSolutionNode = FALSE
	EndGlobalSection
	GlobalSection(NestedProjects) = preSolution
		{37B9E267-F90F-486E-9CB9-D16675C93A86} = {A2308368-54EA-4081-89D5-8BE6AB0E9EB1}
		{E4BD34D6-A244-4D63-9C20-05633A4A3FA6} = {A2308368-54EA-4081-89D5-8BE6AB0E9EB1}
		{CEA9D926-10B2-4160-AD39-987049CAD38A} = {A2308368-54EA-4081-89D5-8BE6AB0E9EB1}
		{64EA5ADE-947A-4A71-BD6A-4F65A5744FE0} = {7FF33340-26F7-451E-94EE-0E2E00FD52FE}
		{4CD0C2A0-6110-4F90-99BB-8DBE40A7EA6B} = {7FF33340-26F7-451E-94EE-0E2E00FD52FE}
		{8AAB75A1-C9BF-46B2-A78F-3F623CA10476} = {7FF33340-26F7-451E-94EE-0E2E00FD52FE}
		{8819120D-9D6C-4490-9F90-F6E0D480B71F} = {A2308368-54EA-4081-89D5-8BE6AB0E9EB1}
		{5F37213C-7F47-4A48-839D-5025AE1AFBC0} = {6D03513B-3F4C-4D4F-A503-F88E9CE83B4D}
		{1CBB548B-E93B-4F5B-B9FB-362C5F8F80D8} = {6D03513B-3F4C-4D4F-A503-F88E9CE83B4D}
		{0170DF58-4819-4BA1-A566-A2D40456E721} = {7FF33340-26F7-451E-94EE-0E2E00FD52FE}
		{D798F1D8-7C39-4FF0-9552-D410524B5E89} = {6D03513B-3F4C-4D4F-A503-F88E9CE83B4D}
		{C127E0CA-AB0F-43C3-BAF1-BE8D13ED9F79} = {ED3B3FA6-DDBE-499B-B4B7-CC33F19492C4}
		{DEE9FBC0-E4CD-4B99-866D-DF83D6DF2132} = {B26D9062-F29B-421A-9010-6AC78A09A594}
	EndGlobalSection
	GlobalSection(ExtensibilityGlobals) = postSolution
		SolutionGuid = {0C559269-2B7B-4D7F-8631-AAD0846CB52A}
	EndGlobalSection
EndGlobal
